// !$*UTF8*$!
{
	archiveVersion = 1;
	classes = {
	};
	objectVersion = 50;
	objects = {

/* Begin PBXBuildFile section */
		EA83E564241A41D50041EAA4 /* AppDelegate.m in Sources */ = {isa = PBXBuildFile; fileRef = EA83E563241A41D50041EAA4 /* AppDelegate.m */; };
		EA83E567241A41D50041EAA4 /* SceneDelegate.m in Sources */ = {isa = PBXBuildFile; fileRef = EA83E566241A41D50041EAA4 /* SceneDelegate.m */; };
		EA83E56A241A41D50041EAA4 /* ViewController.m in Sources */ = {isa = PBXBuildFile; fileRef = EA83E569241A41D50041EAA4 /* ViewController.m */; };
		EA83E56D241A41D50041EAA4 /* Main.storyboard in Resources */ = {isa = PBXBuildFile; fileRef = EA83E56B241A41D50041EAA4 /* Main.storyboard */; };
		EA83E56F241A41D70041EAA4 /* Assets.xcassets in Resources */ = {isa = PBXBuildFile; fileRef = EA83E56E241A41D70041EAA4 /* Assets.xcassets */; };
		EA83E572241A41D70041EAA4 /* LaunchScreen.storyboard in Resources */ = {isa = PBXBuildFile; fileRef = EA83E570241A41D70041EAA4 /* LaunchScreen.storyboard */; };
		EA83E575241A41D70041EAA4 /* main.m in Sources */ = {isa = PBXBuildFile; fileRef = EA83E574241A41D70041EAA4 /* main.m */; };
/* End PBXBuildFile section */

/* Begin PBXFileReference section */
		EA83E55F241A41D50041EAA4 /* A_section.app */ = {isa = PBXFileReference; explicitFileType = wrapper.application; includeInIndex = 0; path = A_section.app; sourceTree = BUILT_PRODUCTS_DIR; };
		EA83E562241A41D50041EAA4 /* AppDelegate.h */ = {isa = PBXFileReference; lastKnownFileType = sourcecode.c.h; path = AppDelegate.h; sourceTree = "<group>"; };
		EA83E563241A41D50041EAA4 /* AppDelegate.m */ = {isa = PBXFileReference; lastKnownFileType = sourcecode.c.objc; path = AppDelegate.m; sourceTree = "<group>"; };
		EA83E565241A41D50041EAA4 /* SceneDelegate.h */ = {isa = PBXFileReference; lastKnownFileType = sourcecode.c.h; path = SceneDelegate.h; sourceTree = "<group>"; };
		EA83E566241A41D50041EAA4 /* SceneDelegate.m */ = {isa = PBXFileReference; lastKnownFileType = sourcecode.c.objc; path = SceneDelegate.m; sourceTree = "<group>"; };
		EA83E568241A41D50041EAA4 /* ViewController.h */ = {isa = PBXFileReference; lastKnownFileType = sourcecode.c.h; path = ViewController.h; sourceTree = "<group>"; };
		EA83E569241A41D50041EAA4 /* ViewController.m */ = {isa = PBXFileReference; lastKnownFileType = sourcecode.c.objc; path = ViewController.m; sourceTree = "<group>"; };
		EA83E56C241A41D50041EAA4 /* Base */ = {isa = PBXFileReference; lastKnownFileType = file.storyboard; name = Base; path = Base.lproj/Main.storyboard; sourceTree = "<group>"; };
		EA83E56E241A41D70041EAA4 /* Assets.xcassets */ = {isa = PBXFileReference; lastKnownFileType = folder.assetcatalog; path = Assets.xcassets; sourceTree = "<group>"; };
		EA83E571241A41D70041EAA4 /* Base */ = {isa = PBXFileReference; lastKnownFileType = file.storyboard; name = Base; path = Base.lproj/LaunchScreen.storyboard; sourceTree = "<group>"; };
		EA83E573241A41D70041EAA4 /* Info.plist */ = {isa = PBXFileReference; lastKnownFileType = text.plist.xml; path = Info.plist; sourceTree = "<group>"; };
		EA83E574241A41D70041EAA4 /* main.m */ = {isa = PBXFileReference; lastKnownFileType = sourcecode.c.objc; path = main.m; sourceTree = "<group>"; };
/* End PBXFileReference section */

/* Begin PBXFrameworksBuildPhase section */
		EA83E55C241A41D50041EAA4 /* Frameworks */ = {
			isa = PBXFrameworksBuildPhase;
			buildActionMask = 2147483647;
			files = (
			);
			runOnlyForDeploymentPostprocessing = 0;
		};
/* End PBXFrameworksBuildPhase section */

/* Begin PBXGroup section */
		EA83E556241A41D50041EAA4 = {
			isa = PBXGroup;
			children = (
				EA83E561241A41D50041EAA4 /* A_section */,
				EA83E560241A41D50041EAA4 /* Products */,
			);
			sourceTree = "<group>";
		};
		EA83E560241A41D50041EAA4 /* Products */ = {
			isa = PBXGroup;
			children = (
				EA83E55F241A41D50041EAA4 /* A_section.app */,
			);
			name = Products;
			sourceTree = "<group>";
		};
		EA83E561241A41D50041EAA4 /* A_section */ = {
			isa = PBXGroup;
			children = (
				EA83E562241A41D50041EAA4 /* AppDelegate.h */,
				EA83E563241A41D50041EAA4 /* AppDelegate.m */,
				EA83E565241A41D50041EAA4 /* SceneDelegate.h */,
				EA83E566241A41D50041EAA4 /* SceneDelegate.m */,
				EA83E568241A41D50041EAA4 /* ViewController.h */,
				EA83E569241A41D50041EAA4 /* ViewController.m */,
				EA83E56B241A41D50041EAA4 /* Main.storyboard */,
				EA83E56E241A41D70041EAA4 /* Assets.xcassets */,
				EA83E570241A41D70041EAA4 /* LaunchScreen.storyboard */,
				EA83E573241A41D70041EAA4 /* Info.plist */,
				EA83E574241A41D70041EAA4 /* main.m */,
			);
			path = A_section;
			sourceTree = "<group>";
		};
/* End PBXGroup section */

/* Begin PBXNativeTarget section */
		EA83E55E241A41D50041EAA4 /* A_section */ = {
			isa = PBXNativeTarget;
			buildConfigurationList = EA83E578241A41D70041EAA4 /* Build configuration list for PBXNativeTarget "A_section" */;
			buildPhases = (
				EA83E55B241A41D50041EAA4 /* Sources */,
				EA83E55C241A41D50041EAA4 /* Frameworks */,
				EA83E55D241A41D50041EAA4 /* Resources */,
			);
			buildRules = (
			);
			dependencies = (
			);
			name = A_section;
			productName = A_section;
			productReference = EA83E55F241A41D50041EAA4 /* A_section.app */;
			productType = "com.apple.product-type.application";
		};
/* End PBXNativeTarget section */

/* Begin PBXProject section */
		EA83E557241A41D50041EAA4 /* Project object */ = {
			isa = PBXProject;
			attributes = {
				LastUpgradeCheck = 1130;
				ORGANIZATIONNAME = zhuge;
				TargetAttributes = {
					EA83E55E241A41D50041EAA4 = {
						CreatedOnToolsVersion = 11.3;
					};
				};
			};
			buildConfigurationList = EA83E55A241A41D50041EAA4 /* Build configuration list for PBXProject "A_section" */;
			compatibilityVersion = "Xcode 9.3";
			developmentRegion = en;
			hasScannedForEncodings = 0;
			knownRegions = (
				en,
				Base,
			);
			mainGroup = EA83E556241A41D50041EAA4;
			productRefGroup = EA83E560241A41D50041EAA4 /* Products */;
			projectDirPath = "";
			projectRoot = "";
			targets = (
				EA83E55E241A41D50041EAA4 /* A_section */,
			);
		};
/* End PBXProject section */

/* Begin PBXResourcesBuildPhase section */
		EA83E55D241A41D50041EAA4 /* Resources */ = {
			isa = PBXResourcesBuildPhase;
			buildActionMask = 2147483647;
			files = (
				EA83E572241A41D70041EAA4 /* LaunchScreen.storyboard in Resources */,
				EA83E56F241A41D70041EAA4 /* Assets.xcassets in Resources */,
				EA83E56D241A41D50041EAA4 /* Main.storyboard in Resources */,
			);
			runOnlyForDeploymentPostprocessing = 0;
		};
/* End PBXResourcesBuildPhase section */

/* Begin PBXSourcesBuildPhase section */
		EA83E55B241A41D50041EAA4 /* Sources */ = {
			isa = PBXSourcesBuildPhase;
			buildActionMask = 2147483647;
			files = (
				EA83E56A241A41D50041EAA4 /* ViewController.m in Sources */,
				EA83E564241A41D50041EAA4 /* AppDelegate.m in Sources */,
				EA83E575241A41D70041EAA4 /* main.m in Sources */,
				EA83E567241A41D50041EAA4 /* SceneDelegate.m in Sources */,
			);
			runOnlyForDeploymentPostprocessing = 0;
		};
/* End PBXSourcesBuildPhase section */

/* Begin PBXVariantGroup section */
		EA83E56B241A41D50041EAA4 /* Main.storyboard */ = {
			isa = PBXVariantGroup;
			children = (
				EA83E56C241A41D50041EAA4 /* Base */,
			);
			name = Main.storyboard;
			sourceTree = "<group>";
		};
		EA83E570241A41D70041EAA4 /* LaunchScreen.storyboard */ = {
			isa = PBXVariantGroup;
			children = (
				EA83E571241A41D70041EAA4 /* Base */,
			);
			name = LaunchScreen.storyboard;
			sourceTree = "<group>";
		};
/* End PBXVariantGroup section */

/* Begin XCBuildConfiguration section */
		EA83E576241A41D70041EAA4 /* Debug */ = {
			isa = XCBuildConfiguration;
			buildSettings = {
				ALWAYS_SEARCH_USER_PATHS = NO;
				CLANG_ANALYZER_NONNULL = YES;
				CLANG_ANALYZER_NUMBER_OBJECT_CONVERSION = YES_AGGRESSIVE;
				CLANG_CXX_LANGUAGE_STANDARD = "gnu++14";
				CLANG_CXX_LIBRARY = "libc++";
				CLANG_ENABLE_MODULES = YES;
				CLANG_ENABLE_OBJC_ARC = YES;
				CLANG_ENABLE_OBJC_WEAK = YES;
				CLANG_WARN_BLOCK_CAPTURE_AUTORELEASING = YES;
				CLANG_WARN_BOOL_CONVERSION = YES;
				CLANG_WARN_COMMA = YES;
				CLANG_WARN_CONSTANT_CONVERSION = YES;
				CLANG_WARN_DEPRECATED_OBJC_IMPLEMENTATIONS = YES;
				CLANG_WARN_DIRECT_OBJC_ISA_USAGE = YES_ERROR;
				CLANG_WARN_DOCUMENTATION_COMMENTS = YES;
				CLANG_WARN_EMPTY_BODY = YES;
				CLANG_WARN_ENUM_CONVERSION = YES;
				CLANG_WARN_INFINITE_RECURSION = YES;
				CLANG_WARN_INT_CONVERSION = YES;
				CLANG_WARN_NON_LITERAL_NULL_CONVERSION = YES;
				CLANG_WARN_OBJC_IMPLICIT_RETAIN_SELF = YES;
				CLANG_WARN_OBJC_LITERAL_CONVERSION = YES;
				CLANG_WARN_OBJC_ROOT_CLASS = YES_ERROR;
				CLANG_WARN_RANGE_LOOP_ANALYSIS = YES;
				CLANG_WARN_STRICT_PROTOTYPES = YES;
				CLANG_WARN_SUSPICIOUS_MOVE = YES;
				CLANG_WARN_UNGUARDED_AVAILABILITY = YES_AGGRESSIVE;
				CLANG_WARN_UNREACHABLE_CODE = YES;
				CLANG_WARN__DUPLICATE_METHOD_MATCH = YES;
				COPY_PHASE_STRIP = NO;
				DEBUG_INFORMATION_FORMAT = dwarf;
				ENABLE_STRICT_OBJC_MSGSEND = YES;
				ENABLE_TESTABILITY = YES;
				GCC_C_LANGUAGE_STANDARD = gnu11;
				GCC_DYNAMIC_NO_PIC = NO;
				GCC_NO_COMMON_BLOCKS = YES;
				GCC_OPTIMIZATION_LEVEL = 0;
				GCC_PREPROCESSOR_DEFINITIONS = (
					"DEBUG=1",
					"$(inherited)",
				);
				GCC_WARN_64_TO_32_BIT_CONVERSION = YES;
				GCC_WARN_ABOUT_RETURN_TYPE = YES_ERROR;
				GCC_WARN_UNDECLARED_SELECTOR = YES;
				GCC_WARN_UNINITIALIZED_AUTOS = YES_AGGRESSIVE;
				GCC_WARN_UNUSED_FUNCTION = YES;
				GCC_WARN_UNUSED_VARIABLE = YES;
				IPHONEOS_DEPLOYMENT_TARGET = 13.2;
				MTL_ENABLE_DEBUG_INFO = INCLUDE_SOURCE;
				MTL_FAST_MATH = YES;
				ONLY_ACTIVE_ARCH = YES;
				SDKROOT = iphoneos;
			};
			name = Debug;
		};
		EA83E577241A41D70041EAA4 /* Release */ = {
			isa = XCBuildConfiguration;
			buildSettings = {
				ALWAYS_SEARCH_USER_PATHS = NO;
				CLANG_ANALYZER_NONNULL = YES;
				CLANG_ANALYZER_NUMBER_OBJECT_CONVERSION = YES_AGGRESSIVE;
				CLANG_CXX_LANGUAGE_STANDARD = "gnu++14";
				CLANG_CXX_LIBRARY = "libc++";
				CLANG_ENABLE_MODULES = YES;
				CLANG_ENABLE_OBJC_ARC = YES;
				CLANG_ENABLE_OBJC_WEAK = YES;
				CLANG_WARN_BLOCK_CAPTURE_AUTORELEASING = YES;
				CLANG_WARN_BOOL_CONVERSION = YES;
				CLANG_WARN_COMMA = YES;
				CLANG_WARN_CONSTANT_CONVERSION = YES;
				CLANG_WARN_DEPRECATED_OBJC_IMPLEMENTATIONS = YES;
				CLANG_WARN_DIRECT_OBJC_ISA_USAGE = YES_ERROR;
				CLANG_WARN_DOCUMENTATION_COMMENTS = YES;
				CLANG_WARN_EMPTY_BODY = YES;
				CLANG_WARN_ENUM_CONVERSION = YES;
				CLANG_WARN_INFINITE_RECURSION = YES;
				CLANG_WARN_INT_CONVERSION = YES;
				CLANG_WARN_NON_LITERAL_NULL_CONVERSION = YES;
				CLANG_WARN_OBJC_IMPLICIT_RETAIN_SELF = YES;
				CLANG_WARN_OBJC_LITERAL_CONVERSION = YES;
				CLANG_WARN_OBJC_ROOT_CLASS = YES_ERROR;
				CLANG_WARN_RANGE_LOOP_ANALYSIS = YES;
				CLANG_WARN_STRICT_PROTOTYPES = YES;
				CLANG_WARN_SUSPICIOUS_MOVE = YES;
				CLANG_WARN_UNGUARDED_AVAILABILITY = YES_AGGRESSIVE;
				CLANG_WARN_UNREACHABLE_CODE = YES;
				CLANG_WARN__DUPLICATE_METHOD_MATCH = YES;
				COPY_PHASE_STRIP = NO;
				DEBUG_INFORMATION_FORMAT = "dwarf-with-dsym";
				ENABLE_NS_ASSERTIONS = NO;
				ENABLE_STRICT_OBJC_MSGSEND = YES;
				GCC_C_LANGUAGE_STANDARD = gnu11;
				GCC_NO_COMMON_BLOCKS = YES;
				GCC_WARN_64_TO_32_BIT_CONVERSION = YES;
				GCC_WARN_ABOUT_RETURN_TYPE = YES_ERROR;
				GCC_WARN_UNDECLARED_SELECTOR = YES;
				GCC_WARN_UNINITIALIZED_AUTOS = YES_AGGRESSIVE;
				GCC_WARN_UNUSED_FUNCTION = YES;
				GCC_WARN_UNUSED_VARIABLE = YES;
				IPHONEOS_DEPLOYMENT_TARGET = 13.2;
				MTL_ENABLE_DEBUG_INFO = NO;
				MTL_FAST_MATH = YES;
				SDKROOT = iphoneos;
				VALIDATE_PRODUCT = YES;
			};
			name = Release;
		};
		EA83E579241A41D70041EAA4 /* Debug */ = {
			isa = XCBuildConfiguration;
			buildSettings = {
				ASSETCATALOG_COMPILER_APPICON_NAME = AppIcon;
				CODE_SIGN_STYLE = Automatic;
				DEVELOPMENT_TEAM = NAL2Z6BE95;
				INFOPLIST_FILE = A_section/Info.plist;
				LD_RUNPATH_SEARCH_PATHS = (
					"$(inherited)",
					"@executable_path/Frameworks",
				);
				PRODUCT_BUNDLE_IDENTIFIER = "com.pxj.A-section";
				PRODUCT_NAME = "$(TARGET_NAME)";
				TARGETED_DEVICE_FAMILY = "1,2";
			};
			name = Debug;
		};
		EA83E57A241A41D70041EAA4 /* Release */ = {
			isa = XCBuildConfiguration;
			buildSettings = {
				ASSETCATALOG_COMPILER_APPICON_NAME = AppIcon;
				CODE_SIGN_STYLE = Automatic;
				DEVELOPMENT_TEAM = NAL2Z6BE95;
				INFOPLIST_FILE = A_section/Info.plist;
				LD_RUNPATH_SEARCH_PATHS = (
					"$(inherited)",
					"@executable_path/Frameworks",
				);
				PRODUCT_BUNDLE_IDENTIFIER = "com.pxj.A-section";
				PRODUCT_NAME = "$(TARGET_NAME)";
				TARGETED_DEVICE_FAMILY = "1,2";
			};
			name = Release;
		};
/* End XCBuildConfiguration section */

/* Begin XCConfigurationList section */
		EA83E55A241A41D50041EAA4 /* Build configuration list for PBXProject "A_section" */ = {
			isa = XCConfigurationList;
			buildConfigurations = (
				EA83E576241A41D70041EAA4 /* Debug */,
				EA83E577241A41D70041EAA4 /* Release */,
			);
			defaultConfigurationIsVisible = 0;
			defaultConfigurationName = Release;
		};
		EA83E578241A41D70041EAA4 /* Build configuration list for PBXNativeTarget "A_section" */ = {
			isa = XCConfigurationList;
			buildConfigurations = (
				EA83E579241A41D70041EAA4 /* Debug */,
				EA83E57A241A41D70041EAA4 /* Release */,
			);
			defaultConfigurationIsVisible = 0;
			defaultConfigurationName = Release;
		};
/* End XCConfigurationList section */
	};
	rootObject = EA83E557241A41D50041EAA4 /* Project object */;
}
